// !$*UTF8*$!
{
	archiveVersion = 1;
	classes = {
	};
	objectVersion = 50;
	objects = {

/* Begin PBXBuildFile section */
		7D66092726262A6D00A3C5C7 /* AppDelegate.swift in Sources */ = {isa = PBXBuildFile; fileRef = 7D66092626262A6D00A3C5C7 /* AppDelegate.swift */; };
		7D66092926262A6D00A3C5C7 /* SceneDelegate.swift in Sources */ = {isa = PBXBuildFile; fileRef = 7D66092826262A6D00A3C5C7 /* SceneDelegate.swift */; };
		7D66092B26262A6D00A3C5C7 /* ViewController.swift in Sources */ = {isa = PBXBuildFile; fileRef = 7D66092A26262A6D00A3C5C7 /* ViewController.swift */; };
		7D66092E26262A6D00A3C5C7 /* Main.storyboard in Resources */ = {isa = PBXBuildFile; fileRef = 7D66092C26262A6D00A3C5C7 /* Main.storyboard */; };
		7D66093026262A7100A3C5C7 /* Assets.xcassets in Resources */ = {isa = PBXBuildFile; fileRef = 7D66092F26262A7100A3C5C7 /* Assets.xcassets */; };
		7D66093326262A7100A3C5C7 /* LaunchScreen.storyboard in Resources */ = {isa = PBXBuildFile; fileRef = 7D66093126262A7100A3C5C7 /* LaunchScreen.storyboard */; };
		7D66093E26262A7100A3C5C7 /* HackwichElevenTests.swift in Sources */ = {isa = PBXBuildFile; fileRef = 7D66093D26262A7100A3C5C7 /* HackwichElevenTests.swift */; };
		7D66094926262A7100A3C5C7 /* HackwichElevenUITests.swift in Sources */ = {isa = PBXBuildFile; fileRef = 7D66094826262A7100A3C5C7 /* HackwichElevenUITests.swift */; };
/* End PBXBuildFile section */

/* Begin PBXContainerItemProxy section */
		7D66093A26262A7100A3C5C7 /* PBXContainerItemProxy */ = {
			isa = PBXContainerItemProxy;
			containerPortal = 7D66091B26262A6D00A3C5C7 /* Project object */;
			proxyType = 1;
			remoteGlobalIDString = 7D66092226262A6D00A3C5C7;
			remoteInfo = HackwichEleven;
		};
		7D66094526262A7100A3C5C7 /* PBXContainerItemProxy */ = {
			isa = PBXContainerItemProxy;
			containerPortal = 7D66091B26262A6D00A3C5C7 /* Project object */;
			proxyType = 1;
			remoteGlobalIDString = 7D66092226262A6D00A3C5C7;
			remoteInfo = HackwichEleven;
		};
/* End PBXContainerItemProxy section */

/* Begin PBXFileReference section */
		7D66092326262A6D00A3C5C7 /* HackwichEleven.app */ = {isa = PBXFileReference; explicitFileType = wrapper.application; includeInIndex = 0; path = HackwichEleven.app; sourceTree = BUILT_PRODUCTS_DIR; };
		7D66092626262A6D00A3C5C7 /* AppDelegate.swift */ = {isa = PBXFileReference; lastKnownFileType = sourcecode.swift; path = AppDelegate.swift; sourceTree = "<group>"; };
		7D66092826262A6D00A3C5C7 /* SceneDelegate.swift */ = {isa = PBXFileReference; lastKnownFileType = sourcecode.swift; path = SceneDelegate.swift; sourceTree = "<group>"; };
		7D66092A26262A6D00A3C5C7 /* ViewController.swift */ = {isa = PBXFileReference; lastKnownFileType = sourcecode.swift; path = ViewController.swift; sourceTree = "<group>"; };
		7D66092D26262A6D00A3C5C7 /* Base */ = {isa = PBXFileReference; lastKnownFileType = file.storyboard; name = Base; path = Base.lproj/Main.storyboard; sourceTree = "<group>"; };
		7D66092F26262A7100A3C5C7 /* Assets.xcassets */ = {isa = PBXFileReference; lastKnownFileType = folder.assetcatalog; path = Assets.xcassets; sourceTree = "<group>"; };
		7D66093226262A7100A3C5C7 /* Base */ = {isa = PBXFileReference; lastKnownFileType = file.storyboard; name = Base; path = Base.lproj/LaunchScreen.storyboard; sourceTree = "<group>"; };
		7D66093426262A7100A3C5C7 /* Info.plist */ = {isa = PBXFileReference; lastKnownFileType = text.plist.xml; path = Info.plist; sourceTree = "<group>"; };
		7D66093926262A7100A3C5C7 /* HackwichElevenTests.xctest */ = {isa = PBXFileReference; explicitFileType = wrapper.cfbundle; includeInIndex = 0; path = HackwichElevenTests.xctest; sourceTree = BUILT_PRODUCTS_DIR; };
		7D66093D26262A7100A3C5C7 /* HackwichElevenTests.swift */ = {isa = PBXFileReference; lastKnownFileType = sourcecode.swift; path = HackwichElevenTests.swift; sourceTree = "<group>"; };
		7D66093F26262A7100A3C5C7 /* Info.plist */ = {isa = PBXFileReference; lastKnownFileType = text.plist.xml; path = Info.plist; sourceTree = "<group>"; };
		7D66094426262A7100A3C5C7 /* HackwichElevenUITests.xctest */ = {isa = PBXFileReference; explicitFileType = wrapper.cfbundle; includeInIndex = 0; path = HackwichElevenUITests.xctest; sourceTree = BUILT_PRODUCTS_DIR; };
		7D66094826262A7100A3C5C7 /* HackwichElevenUITests.swift */ = {isa = PBXFileReference; lastKnownFileType = sourcecode.swift; path = HackwichElevenUITests.swift; sourceTree = "<group>"; };
		7D66094A26262A7100A3C5C7 /* Info.plist */ = {isa = PBXFileReference; lastKnownFileType = text.plist.xml; path = Info.plist; sourceTree = "<group>"; };
/* End PBXFileReference section */

/* Begin PBXFrameworksBuildPhase section */
		7D66092026262A6D00A3C5C7 /* Frameworks */ = {
			isa = PBXFrameworksBuildPhase;
			buildActionMask = 2147483647;
			files = (
			);
			runOnlyForDeploymentPostprocessing = 0;
		};
		7D66093626262A7100A3C5C7 /* Frameworks */ = {
			isa = PBXFrameworksBuildPhase;
			buildActionMask = 2147483647;
			files = (
			);
			runOnlyForDeploymentPostprocessing = 0;
		};
		7D66094126262A7100A3C5C7 /* Frameworks */ = {
			isa = PBXFrameworksBuildPhase;
			buildActionMask = 2147483647;
			files = (
			);
			runOnlyForDeploymentPostprocessing = 0;
		};
/* End PBXFrameworksBuildPhase section */

/* Begin PBXGroup section */
		7D66091A26262A6D00A3C5C7 = {
			isa = PBXGroup;
			children = (
				7D66092526262A6D00A3C5C7 /* HackwichEleven */,
				7D66093C26262A7100A3C5C7 /* HackwichElevenTests */,
				7D66094726262A7100A3C5C7 /* HackwichElevenUITests */,
				7D66092426262A6D00A3C5C7 /* Products */,
			);
			sourceTree = "<group>";
		};
		7D66092426262A6D00A3C5C7 /* Products */ = {
			isa = PBXGroup;
			children = (
				7D66092326262A6D00A3C5C7 /* HackwichEleven.app */,
				7D66093926262A7100A3C5C7 /* HackwichElevenTests.xctest */,
				7D66094426262A7100A3C5C7 /* HackwichElevenUITests.xctest */,
			);
			name = Products;
			sourceTree = "<group>";
		};
		7D66092526262A6D00A3C5C7 /* HackwichEleven */ = {
			isa = PBXGroup;
			children = (
				7D66092626262A6D00A3C5C7 /* AppDelegate.swift */,
				7D66092826262A6D00A3C5C7 /* SceneDelegate.swift */,
				7D66092A26262A6D00A3C5C7 /* ViewController.swift */,
				7D66092C26262A6D00A3C5C7 /* Main.storyboard */,
				7D66092F26262A7100A3C5C7 /* Assets.xcassets */,
				7D66093126262A7100A3C5C7 /* LaunchScreen.storyboard */,
				7D66093426262A7100A3C5C7 /* Info.plist */,
			);
			path = HackwichEleven;
			sourceTree = "<group>";
		};
		7D66093C26262A7100A3C5C7 /* HackwichElevenTests */ = {
			isa = PBXGroup;
			children = (
				7D66093D26262A7100A3C5C7 /* HackwichElevenTests.swift */,
				7D66093F26262A7100A3C5C7 /* Info.plist */,
			);
			path = HackwichElevenTests;
			sourceTree = "<group>";
		};
		7D66094726262A7100A3C5C7 /* HackwichElevenUITests */ = {
			isa = PBXGroup;
			children = (
				7D66094826262A7100A3C5C7 /* HackwichElevenUITests.swift */,
				7D66094A26262A7100A3C5C7 /* Info.plist */,
			);
			path = HackwichElevenUITests;
			sourceTree = "<group>";
		};
/* End PBXGroup section */

/* Begin PBXNativeTarget section */
		7D66092226262A6D00A3C5C7 /* HackwichEleven */ = {
			isa = PBXNativeTarget;
			buildConfigurationList = 7D66094D26262A7100A3C5C7 /* Build configuration list for PBXNativeTarget "HackwichEleven" */;
			buildPhases = (
				7D66091F26262A6D00A3C5C7 /* Sources */,
				7D66092026262A6D00A3C5C7 /* Frameworks */,
				7D66092126262A6D00A3C5C7 /* Resources */,
			);
			buildRules = (
			);
			dependencies = (
			);
			name = HackwichEleven;
			productName = HackwichEleven;
			productReference = 7D66092326262A6D00A3C5C7 /* HackwichEleven.app */;
			productType = "com.apple.product-type.application";
		};
		7D66093826262A7100A3C5C7 /* HackwichElevenTests */ = {
			isa = PBXNativeTarget;
			buildConfigurationList = 7D66095026262A7100A3C5C7 /* Build configuration list for PBXNativeTarget "HackwichElevenTests" */;
			buildPhases = (
				7D66093526262A7100A3C5C7 /* Sources */,
				7D66093626262A7100A3C5C7 /* Frameworks */,
				7D66093726262A7100A3C5C7 /* Resources */,
			);
			buildRules = (
			);
			dependencies = (
				7D66093B26262A7100A3C5C7 /* PBXTargetDependency */,
			);
			name = HackwichElevenTests;
			productName = HackwichElevenTests;
			productReference = 7D66093926262A7100A3C5C7 /* HackwichElevenTests.xctest */;
			productType = "com.apple.product-type.bundle.unit-test";
		};
		7D66094326262A7100A3C5C7 /* HackwichElevenUITests */ = {
			isa = PBXNativeTarget;
			buildConfigurationList = 7D66095326262A7100A3C5C7 /* Build configuration list for PBXNativeTarget "HackwichElevenUITests" */;
			buildPhases = (
				7D66094026262A7100A3C5C7 /* Sources */,
				7D66094126262A7100A3C5C7 /* Frameworks */,
				7D66094226262A7100A3C5C7 /* Resources */,
			);
			buildRules = (
			);
			dependencies = (
				7D66094626262A7100A3C5C7 /* PBXTargetDependency */,
			);
			name = HackwichElevenUITests;
			productName = HackwichElevenUITests;
			productReference = 7D66094426262A7100A3C5C7 /* HackwichElevenUITests.xctest */;
			productType = "com.apple.product-type.bundle.ui-testing";
		};
/* End PBXNativeTarget section */

/* Begin PBXProject section */
		7D66091B26262A6D00A3C5C7 /* Project object */ = {
			isa = PBXProject;
			attributes = {
				LastSwiftUpdateCheck = 1240;
				LastUpgradeCheck = 1240;
				TargetAttributes = {
					7D66092226262A6D00A3C5C7 = {
						CreatedOnToolsVersion = 12.4;
					};
					7D66093826262A7100A3C5C7 = {
						CreatedOnToolsVersion = 12.4;
						TestTargetID = 7D66092226262A6D00A3C5C7;
					};
					7D66094326262A7100A3C5C7 = {
						CreatedOnToolsVersion = 12.4;
						TestTargetID = 7D66092226262A6D00A3C5C7;
					};
				};
			};
			buildConfigurationList = 7D66091E26262A6D00A3C5C7 /* Build configuration list for PBXProject "HackwichEleven" */;
			compatibilityVersion = "Xcode 9.3";
			developmentRegion = en;
			hasScannedForEncodings = 0;
			knownRegions = (
				en,
				Base,
			);
			mainGroup = 7D66091A26262A6D00A3C5C7;
			productRefGroup = 7D66092426262A6D00A3C5C7 /* Products */;
			projectDirPath = "";
			projectRoot = "";
			targets = (
				7D66092226262A6D00A3C5C7 /* HackwichEleven */,
				7D66093826262A7100A3C5C7 /* HackwichElevenTests */,
				7D66094326262A7100A3C5C7 /* HackwichElevenUITests */,
			);
		};
/* End PBXProject section */

/* Begin PBXResourcesBuildPhase section */
		7D66092126262A6D00A3C5C7 /* Resources */ = {
			isa = PBXResourcesBuildPhase;
			buildActionMask = 2147483647;
			files = (
				7D66093326262A7100A3C5C7 /* LaunchScreen.storyboard in Resources */,
				7D66093026262A7100A3C5C7 /* Assets.xcassets in Resources */,
				7D66092E26262A6D00A3C5C7 /* Main.storyboard in Resources */,
			);
			runOnlyForDeploymentPostprocessing = 0;
		};
		7D66093726262A7100A3C5C7 /* Resources */ = {
			isa = PBXResourcesBuildPhase;
			buildActionMask = 2147483647;
			files = (
			);
			runOnlyForDeploymentPostprocessing = 0;
		};
		7D66094226262A7100A3C5C7 /* Resources */ = {
			isa = PBXResourcesBuildPhase;
			buildActionMask = 2147483647;
			files = (
			);
			runOnlyForDeploymentPostprocessing = 0;
		};
/* End PBXResourcesBuildPhase section */

/* Begin PBXSourcesBuildPhase section */
		7D66091F26262A6D00A3C5C7 /* Sources */ = {
			isa = PBXSourcesBuildPhase;
			buildActionMask = 2147483647;
			files = (
				7D66092B26262A6D00A3C5C7 /* ViewController.swift in Sources */,
				7D66092726262A6D00A3C5C7 /* AppDelegate.swift in Sources */,
				7D66092926262A6D00A3C5C7 /* SceneDelegate.swift in Sources */,
			);
			runOnlyForDeploymentPostprocessing = 0;
		};
		7D66093526262A7100A3C5C7 /* Sources */ = {
			isa = PBXSourcesBuildPhase;
			buildActionMask = 2147483647;
			files = (
				7D66093E26262A7100A3C5C7 /* HackwichElevenTests.swift in Sources */,
			);
			runOnlyForDeploymentPostprocessing = 0;
		};
		7D66094026262A7100A3C5C7 /* Sources */ = {
			isa = PBXSourcesBuildPhase;
			buildActionMask = 2147483647;
			files = (
				7D66094926262A7100A3C5C7 /* HackwichElevenUITests.swift in Sources */,
			);
			runOnlyForDeploymentPostprocessing = 0;
		};
/* End PBXSourcesBuildPhase section */

/* Begin PBXTargetDependency section */
		7D66093B26262A7100A3C5C7 /* PBXTargetDependency */ = {
			isa = PBXTargetDependency;
			target = 7D66092226262A6D00A3C5C7 /* HackwichEleven */;
			targetProxy = 7D66093A26262A7100A3C5C7 /* PBXContainerItemProxy */;
		};
		7D66094626262A7100A3C5C7 /* PBXTargetDependency */ = {
			isa = PBXTargetDependency;
			target = 7D66092226262A6D00A3C5C7 /* HackwichEleven */;
			targetProxy = 7D66094526262A7100A3C5C7 /* PBXContainerItemProxy */;
		};
/* End PBXTargetDependency section */

/* Begin PBXVariantGroup section */
		7D66092C26262A6D00A3C5C7 /* Main.storyboard */ = {
			isa = PBXVariantGroup;
			children = (
				7D66092D26262A6D00A3C5C7 /* Base */,
			);
			name = Main.storyboard;
			sourceTree = "<group>";
		};
		7D66093126262A7100A3C5C7 /* LaunchScreen.storyboard */ = {
			isa = PBXVariantGroup;
			children = (
				7D66093226262A7100A3C5C7 /* Base */,
			);
			name = LaunchScreen.storyboard;
			sourceTree = "<group>";
		};
/* End PBXVariantGroup section */

/* Begin XCBuildConfiguration section */
		7D66094B26262A7100A3C5C7 /* Debug */ = {
			isa = XCBuildConfiguration;
			buildSettings = {
				ALWAYS_SEARCH_USER_PATHS = NO;
				CLANG_ANALYZER_NONNULL = YES;
				CLANG_ANALYZER_NUMBER_OBJECT_CONVERSION = YES_AGGRESSIVE;
				CLANG_CXX_LANGUAGE_STANDARD = "gnu++14";
				CLANG_CXX_LIBRARY = "libc++";
				CLANG_ENABLE_MODULES = YES;
				CLANG_ENABLE_OBJC_ARC = YES;
				CLANG_ENABLE_OBJC_WEAK = YES;
				CLANG_WARN_BLOCK_CAPTURE_AUTORELEASING = YES;
				CLANG_WARN_BOOL_CONVERSION = YES;
				CLANG_WARN_COMMA = YES;
				CLANG_WARN_CONSTANT_CONVERSION = YES;
				CLANG_WARN_DEPRECATED_OBJC_IMPLEMENTATIONS = YES;
				CLANG_WARN_DIRECT_OBJC_ISA_USAGE = YES_ERROR;
				CLANG_WARN_DOCUMENTATION_COMMENTS = YES;
				CLANG_WARN_EMPTY_BODY = YES;
				CLANG_WARN_ENUM_CONVERSION = YES;
				CLANG_WARN_INFINITE_RECURSION = YES;
				CLANG_WARN_INT_CONVERSION = YES;
				CLANG_WARN_NON_LITERAL_NULL_CONVERSION = YES;
				CLANG_WARN_OBJC_IMPLICIT_RETAIN_SELF = YES;
				CLANG_WARN_OBJC_LITERAL_CONVERSION = YES;
				CLANG_WARN_OBJC_ROOT_CLASS = YES_ERROR;
				CLANG_WARN_QUOTED_INCLUDE_IN_FRAMEWORK_HEADER = YES;
				CLANG_WARN_RANGE_LOOP_ANALYSIS = YES;
				CLANG_WARN_STRICT_PROTOTYPES = YES;
				CLANG_WARN_SUSPICIOUS_MOVE = YES;
				CLANG_WARN_UNGUARDED_AVAILABILITY = YES_AGGRESSIVE;
				CLANG_WARN_UNREACHABLE_CODE = YES;
				CLANG_WARN__DUPLICATE_METHOD_MATCH = YES;
				COPY_PHASE_STRIP = NO;
				DEBUG_INFORMATION_FORMAT = dwarf;
				ENABLE_STRICT_OBJC_MSGSEND = YES;
				ENABLE_TESTABILITY = YES;
				GCC_C_LANGUAGE_STANDARD = gnu11;
				GCC_DYNAMIC_NO_PIC = NO;
				GCC_NO_COMMON_BLOCKS = YES;
				GCC_OPTIMIZATION_LEVEL = 0;
				GCC_PREPROCESSOR_DEFINITIONS = (
					"DEBUG=1",
					"$(inherited)",
				);
				GCC_WARN_64_TO_32_BIT_CONVERSION = YES;
				GCC_WARN_ABOUT_RETURN_TYPE = YES_ERROR;
				GCC_WARN_UNDECLARED_SELECTOR = YES;
				GCC_WARN_UNINITIALIZED_AUTOS = YES_AGGRESSIVE;
				GCC_WARN_UNUSED_FUNCTION = YES;
				GCC_WARN_UNUSED_VARIABLE = YES;
				IPHONEOS_DEPLOYMENT_TARGET = 14.4;
				MTL_ENABLE_DEBUG_INFO = INCLUDE_SOURCE;
				MTL_FAST_MATH = YES;
				ONLY_ACTIVE_ARCH = YES;
				SDKROOT = iphoneos;
				SWIFT_ACTIVE_COMPILATION_CONDITIONS = DEBUG;
				SWIFT_OPTIMIZATION_LEVEL = "-Onone";
			};
			name = Debug;
		};
		7D66094C26262A7100A3C5C7 /* Release */ = {
			isa = XCBuildConfiguration;
			buildSettings = {
				ALWAYS_SEARCH_USER_PATHS = NO;
				CLANG_ANALYZER_NONNULL = YES;
				CLANG_ANALYZER_NUMBER_OBJECT_CONVERSION = YES_AGGRESSIVE;
				CLANG_CXX_LANGUAGE_STANDARD = "gnu++14";
				CLANG_CXX_LIBRARY = "libc++";
				CLANG_ENABLE_MODULES = YES;
				CLANG_ENABLE_OBJC_ARC = YES;
				CLANG_ENABLE_OBJC_WEAK = YES;
				CLANG_WARN_BLOCK_CAPTURE_AUTORELEASING = YES;
				CLANG_WARN_BOOL_CONVERSION = YES;
				CLANG_WARN_COMMA = YES;
				CLANG_WARN_CONSTANT_CONVERSION = YES;
				CLANG_WARN_DEPRECATED_OBJC_IMPLEMENTATIONS = YES;
				CLANG_WARN_DIRECT_OBJC_ISA_USAGE = YES_ERROR;
				CLANG_WARN_DOCUMENTATION_COMMENTS = YES;
				CLANG_WARN_EMPTY_BODY = YES;
				CLANG_WARN_ENUM_CONVERSION = YES;
				CLANG_WARN_INFINITE_RECURSION = YES;
				CLANG_WARN_INT_CONVERSION = YES;
				CLANG_WARN_NON_LITERAL_NULL_CONVERSION = YES;
				CLANG_WARN_OBJC_IMPLICIT_RETAIN_SELF = YES;
				CLANG_WARN_OBJC_LITERAL_CONVERSION = YES;
				CLANG_WARN_OBJC_ROOT_CLASS = YES_ERROR;
				CLANG_WARN_QUOTED_INCLUDE_IN_FRAMEWORK_HEADER = YES;
				CLANG_WARN_RANGE_LOOP_ANALYSIS = YES;
				CLANG_WARN_STRICT_PROTOTYPES = YES;
				CLANG_WARN_SUSPICIOUS_MOVE = YES;
				CLANG_WARN_UNGUARDED_AVAILABILITY = YES_AGGRESSIVE;
				CLANG_WARN_UNREACHABLE_CODE = YES;
				CLANG_WARN__DUPLICATE_METHOD_MATCH = YES;
				COPY_PHASE_STRIP = NO;
				DEBUG_INFORMATION_FORMAT = "dwarf-with-dsym";
				ENABLE_NS_ASSERTIONS = NO;
				ENABLE_STRICT_OBJC_MSGSEND = YES;
				GCC_C_LANGUAGE_STANDARD = gnu11;
				GCC_NO_COMMON_BLOCKS = YES;
				GCC_WARN_64_TO_32_BIT_CONVERSION = YES;
				GCC_WARN_ABOUT_RETURN_TYPE = YES_ERROR;
				GCC_WARN_UNDECLARED_SELECTOR = YES;
				GCC_WARN_UNINITIALIZED_AUTOS = YES_AGGRESSIVE;
				GCC_WARN_UNUSED_FUNCTION = YES;
				GCC_WARN_UNUSED_VARIABLE = YES;
				IPHONEOS_DEPLOYMENT_TARGET = 14.4;
				MTL_ENABLE_DEBUG_INFO = NO;
				MTL_FAST_MATH = YES;
				SDKROOT = iphoneos;
				SWIFT_COMPILATION_MODE = wholemodule;
				SWIFT_OPTIMIZATION_LEVEL = "-O";
				VALIDATE_PRODUCT = YES;
			};
			name = Release;
		};
		7D66094E26262A7100A3C5C7 /* Debug */ = {
			isa = XCBuildConfiguration;
			buildSettings = {
				ASSETCATALOG_COMPILER_APPICON_NAME = AppIcon;
				ASSETCATALOG_COMPILER_GLOBAL_ACCENT_COLOR_NAME = AccentColor;
				CODE_SIGN_STYLE = Automatic;
				DEVELOPMENT_TEAM = HHBB8RSDC3;
				INFOPLIST_FILE = HackwichEleven/Info.plist;
				LD_RUNPATH_SEARCH_PATHS = (
					"$(inherited)",
					"@executable_path/Frameworks",
				);
				PRODUCT_BUNDLE_IDENTIFIER = UHWO.HackwichEleven;
				PRODUCT_NAME = "$(TARGET_NAME)";
				SWIFT_VERSION = 5.0;
				TARGETED_DEVICE_FAMILY = "1,2";
			};
			name = Debug;
		};
		7D66094F26262A7100A3C5C7 /* Release */ = {
			isa = XCBuildConfiguration;
			buildSettings = {
				ASSETCATALOG_COMPILER_APPICON_NAME = AppIcon;
				ASSETCATALOG_COMPILER_GLOBAL_ACCENT_COLOR_NAME = AccentColor;
				CODE_SIGN_STYLE = Automatic;
				DEVELOPMENT_TEAM = HHBB8RSDC3;
				INFOPLIST_FILE = HackwichEleven/Info.plist;
				LD_RUNPATH_SEARCH_PATHS = (
					"$(inherited)",
					"@executable_path/Frameworks",
				);
				PRODUCT_BUNDLE_IDENTIFIER = UHWO.HackwichEleven;
				PRODUCT_NAME = "$(TARGET_NAME)";
				SWIFT_VERSION = 5.0;
				TARGETED_DEVICE_FAMILY = "1,2";
			};
			name = Release;
		};
		7D66095126262A7100A3C5C7 /* Debug */ = {
			isa = XCBuildConfiguration;
			buildSettings = {
				ALWAYS_EMBED_SWIFT_STANDARD_LIBRARIES = YES;
				BUNDLE_LOADER = "$(TEST_HOST)";
				CODE_SIGN_STYLE = Automatic;
				DEVELOPMENT_TEAM = HHBB8RSDC3;
				INFOPLIST_FILE = HackwichElevenTests/Info.plist;
				IPHONEOS_DEPLOYMENT_TARGET = 14.4;
				LD_RUNPATH_SEARCH_PATHS = (
					"$(inherited)",
					"@executable_path/Frameworks",
					"@loader_path/Frameworks",
				);
				PRODUCT_BUNDLE_IDENTIFIER = UHWO.HackwichElevenTests;
				PRODUCT_NAME = "$(TARGET_NAME)";
				SWIFT_VERSION = 5.0;
				TARGETED_DEVICE_FAMILY = "1,2";
				TEST_HOST = "$(BUILT_PRODUCTS_DIR)/HackwichEleven.app/HackwichEleven";
			};
			name = Debug;
		};
		7D66095226262A7100A3C5C7 /* Release */ = {
			isa = XCBuildConfiguration;
			buildSettings = {
				ALWAYS_EMBED_SWIFT_STANDARD_LIBRARIES = YES;
				BUNDLE_LOADER = "$(TEST_HOST)";
				CODE_SIGN_STYLE = Automatic;
				DEVELOPMENT_TEAM = HHBB8RSDC3;
				INFOPLIST_FILE = HackwichElevenTests/Info.plist;
				IPHONEOS_DEPLOYMENT_TARGET = 14.4;
				LD_RUNPATH_SEARCH_PATHS = (
					"$(inherited)",
					"@executable_path/Frameworks",
					"@loader_path/Frameworks",
				);
				PRODUCT_BUNDLE_IDENTIFIER = UHWO.HackwichElevenTests;
				PRODUCT_NAME = "$(TARGET_NAME)";
				SWIFT_VERSION = 5.0;
				TARGETED_DEVICE_FAMILY = "1,2";
				TEST_HOST = "$(BUILT_PRODUCTS_DIR)/HackwichEleven.app/HackwichEleven";
			};
			name = Release;
		};
		7D66095426262A7100A3C5C7 /* Debug */ = {
			isa = XCBuildConfiguration;
			buildSettings = {
				ALWAYS_EMBED_SWIFT_STANDARD_LIBRARIES = YES;
				CODE_SIGN_STYLE = Automatic;
				DEVELOPMENT_TEAM = HHBB8RSDC3;
				INFOPLIST_FILE = HackwichElevenUITests/Info.plist;
				LD_RUNPATH_SEARCH_PATHS = (
					"$(inherited)",
					"@executable_path/Frameworks",
					"@loader_path/Frameworks",
				);
				PRODUCT_BUNDLE_IDENTIFIER = UHWO.HackwichElevenUITests;
				PRODUCT_NAME = "$(TARGET_NAME)";
				SWIFT_VERSION = 5.0;
				TARGETED_DEVICE_FAMILY = "1,2";
				TEST_TARGET_NAME = HackwichEleven;
			};
			name = Debug;
		};
		7D66095526262A7100A3C5C7 /* Release */ = {
			isa = XCBuildConfiguration;
			buildSettings = {
				ALWAYS_EMBED_SWIFT_STANDARD_LIBRARIES = YES;
				CODE_SIGN_STYLE = Automatic;
				DEVELOPMENT_TEAM = HHBB8RSDC3;
				INFOPLIST_FILE = HackwichElevenUITests/Info.plist;
				LD_RUNPATH_SEARCH_PATHS = (
					"$(inherited)",
					"@executable_path/Frameworks",
					"@loader_path/Frameworks",
				);
				PRODUCT_BUNDLE_IDENTIFIER = UHWO.HackwichElevenUITests;
				PRODUCT_NAME = "$(TARGET_NAME)";
				SWIFT_VERSION = 5.0;
				TARGETED_DEVICE_FAMILY = "1,2";
				TEST_TARGET_NAME = HackwichEleven;
			};
			name = Release;
		};
/* End XCBuildConfiguration section */

/* Begin XCConfigurationList section */
		7D66091E26262A6D00A3C5C7 /* Build configuration list for PBXProject "HackwichEleven" */ = {
			isa = XCConfigurationList;
			buildConfigurations = (
				7D66094B26262A7100A3C5C7 /* Debug */,
				7D66094C26262A7100A3C5C7 /* Release */,
			);
			defaultConfigurationIsVisible = 0;
			defaultConfigurationName = Release;
		};
		7D66094D26262A7100A3C5C7 /* Build configuration list for PBXNativeTarget "HackwichEleven" */ = {
			isa = XCConfigurationList;
			buildConfigurations = (
				7D66094E26262A7100A3C5C7 /* Debug */,
				7D66094F26262A7100A3C5C7 /* Release */,
			);
			defaultConfigurationIsVisible = 0;
			defaultConfigurationName = Release;
		};
		7D66095026262A7100A3C5C7 /* Build configuration list for PBXNativeTarget "HackwichElevenTests" */ = {
			isa = XCConfigurationList;
			buildConfigurations = (
				7D66095126262A7100A3C5C7 /* Debug */,
				7D66095226262A7100A3C5C7 /* Release */,
			);
			defaultConfigurationIsVisible = 0;
			defaultConfigurationName = Release;
		};
		7D66095326262A7100A3C5C7 /* Build configuration list for PBXNativeTarget "HackwichElevenUITests" */ = {
			isa = XCConfigurationList;
			buildConfigurations = (
				7D66095426262A7100A3C5C7 /* Debug */,
				7D66095526262A7100A3C5C7 /* Release */,
			);
			defaultConfigurationIsVisible = 0;
			defaultConfigurationName = Release;
		};
/* End XCConfigurationList section */
	};
	rootObject = 7D66091B26262A6D00A3C5C7 /* Project object */;
}
